
Microsoft Visual Studio Solution File, Format Version 12.00
# Visual Studio Version 17
VisualStudioVersion = 17.8.34316.72
MinimumVisualStudioVersion = 10.0.40219.1
Project("{FAE04EC0-301F-11D3-BF4B-00C04F79EFBC}") = "AoC_2022", "AoC\AoC_2022.csproj", "{A35C1BA4-547F-4223-9CD3-56EC5675CAC1}"
EndProject
Global
	GlobalSection(SolutionConfigurationPlatforms) = preSolution
		Debug|Any CPU = Debug|Any CPU
		Release|Any CPU = Release|Any CPU
	EndGlobalSection
	GlobalSection(ProjectConfigurationPlatforms) = postSolution
		{A35C1BA4-547F-4223-9CD3-56EC5675CAC1}.Debug|Any CPU.ActiveCfg = Debug|Any CPU
		{A35C1BA4-547F-4223-9CD3-56EC5675CAC1}.Debug|Any CPU.Build.0 = Debug|Any CPU
		{A35C1BA4-547F-4223-9CD3-56EC5675CAC1}.Release|Any CPU.ActiveCfg = Release|Any CPU
		{A35C1BA4-547F-4223-9CD3-56EC5675CAC1}.Release|Any CPU.Build.0 = Release|Any CPU
	EndGlobalSection
	GlobalSection(SolutionProperties) = preSolution
		HideSolutionNode = FALSE
	EndGlobalSection
	GlobalSection(ExtensibilityGlobals) = postSolution
		SolutionGuid = {C071EF85-C0B6-4E75-AB63-504B54DFF6B1}
	EndGlobalSection
EndGlobal
